{
    "_meta": {
        "hash": {
            "sha256": "4ae4c99ded83e7e6ba7cd7b2d42f91a647dc386b9c857eb5ffdcf317a23c3979"
        },
        "pipfile-spec": 6,
        "requires": {
            "python_version": "3.7"
        },
        "sources": [
            {
                "name": "pypi",
                "url": "https://pypi.org/simple",
                "verify_ssl": true
            }
        ]
    },
    "default": {
        "altgraph": {
            "hashes": [
                "sha256:d6814989f242b2b43025cba7161fc1b8fb487a62cd49c49245d6fd01c18ac997",
                "sha256:ddf5320017147ba7b810198e0b6619bd7b5563aa034da388cea8546b877f9b0c"
            ],
            "version": "==0.16.1"
        },
        "macholib": {
            "hashes": [
                "sha256:ac02d29898cf66f27510d8f39e9112ae00590adb4a48ec57b25028d6962b1ae1",
                "sha256:c4180ffc6f909bf8db6cd81cff4b6f601d575568f4d5dee148c830e9851eb9db"
            ],
            "version": "==1.11"
        },
        "pigpio": {
            "hashes": [
                "sha256:c53c155fac05f855657c794f533cb128a516d041d6560e0fb0ead5247a7ac2fe",
                "sha256:df5e430e5c026c95f575cb50ccd18eb37d41be4e0bbbde070ab332dae27fdf58"
            ],
            "index": "pypi",
            "version": "==1.44"
        },
        "pyinstaller": {
            "hashes": [
                "sha256:ee7504022d1332a3324250faf2135ea56ac71fdb6309cff8cd235de26b1d0a96"
            ],
            "index": "pypi",
            "version": "==3.5"
        }
    },
    "develop": {}
}
